
Microsoft Visual Studio Solution File, Format Version 12.00
# Visual Studio Version 17
VisualStudioVersion = 17.3.32505.426
MinimumVisualStudioVersion = 10.0.40219.1
Project("{9A19103F-16F7-4668-BE54-9A1E7A4F7556}") = "LearningBlazorExamples", "LearningBlazorExamples\LearningBlazorExamples.csproj", "{CCC4CC3C-E737-446A-AC54-A27A1E8579E7}"
EndProject
Global
	GlobalSection(SolutionConfigurationPlatforms) = preSolution
		Debug|Any CPU = Debug|Any CPU
		Release|Any CPU = Release|Any CPU
	EndGlobalSection
	GlobalSection(ProjectConfigurationPlatforms) = postSolution
		{CCC4CC3C-E737-446A-AC54-A27A1E8579E7}.Debug|Any CPU.ActiveCfg = Debug|Any CPU
		{CCC4CC3C-E737-446A-AC54-A27A1E8579E7}.Debug|Any CPU.Build.0 = Debug|Any CPU
		{CCC4CC3C-E737-446A-AC54-A27A1E8579E7}.Release|Any CPU.ActiveCfg = Release|Any CPU
		{CCC4CC3C-E737-446A-AC54-A27A1E8579E7}.Release|Any CPU.Build.0 = Release|Any CPU
	EndGlobalSection
	GlobalSection(SolutionProperties) = preSolution
		HideSolutionNode = FALSE
	EndGlobalSection
	GlobalSection(ExtensibilityGlobals) = postSolution
		SolutionGuid = {4011B990-D862-4AB1-AC2F-9CAB0AFD8DF8}
	EndGlobalSection
EndGlobal
